
Microsoft Visual Studio Solution File, Format Version 12.00
# Visual Studio Version 17
VisualStudioVersion = 17.7.34031.279
MinimumVisualStudioVersion = 10.0.40219.1
Project("{FAE04EC0-301F-11D3-BF4B-00C04F79EFBC}") = "PM2_ExamenFinal", "PM2_ExamenFinal.csproj", "{65AA0282-77DF-43ED-BE03-163E266D1925}"
EndProject
Global
	GlobalSection(SolutionConfigurationPlatforms) = preSolution
		Debug|Any CPU = Debug|Any CPU
		Release|Any CPU = Release|Any CPU
	EndGlobalSection
	GlobalSection(ProjectConfigurationPlatforms) = postSolution
		{65AA0282-77DF-43ED-BE03-163E266D1925}.Debug|Any CPU.ActiveCfg = Debug|Any CPU
		{65AA0282-77DF-43ED-BE03-163E266D1925}.Debug|Any CPU.Build.0 = Debug|Any CPU
		{65AA0282-77DF-43ED-BE03-163E266D1925}.Debug|Any CPU.Deploy.0 = Debug|Any CPU
		{65AA0282-77DF-43ED-BE03-163E266D1925}.Release|Any CPU.ActiveCfg = Release|Any CPU
		{65AA0282-77DF-43ED-BE03-163E266D1925}.Release|Any CPU.Build.0 = Release|Any CPU
		{65AA0282-77DF-43ED-BE03-163E266D1925}.Release|Any CPU.Deploy.0 = Release|Any CPU
	EndGlobalSection
	GlobalSection(SolutionProperties) = preSolution
		HideSolutionNode = FALSE
	EndGlobalSection
	GlobalSection(ExtensibilityGlobals) = postSolution
		SolutionGuid = {D2A0F0A8-F5BB-49C1-87F8-1AF50679C0D4}
	EndGlobalSection
EndGlobal
